
Microsoft Visual Studio Solution File, Format Version 12.00
# Visual Studio Version 17
VisualStudioVersion = 17.3.32929.385
MinimumVisualStudioVersion = 10.0.40219.1
Project("{FAE04EC0-301F-11D3-BF4B-00C04F79EFBC}") = "HomeTest", "HomeTest.csproj", "{E3B75733-8E6E-4F2C-A78B-6489C084FD73}"
EndProject
Global
	GlobalSection(SolutionConfigurationPlatforms) = preSolution
		Debug|Any CPU = Debug|Any CPU
		Release|Any CPU = Release|Any CPU
	EndGlobalSection
	GlobalSection(ProjectConfigurationPlatforms) = postSolution
		{E3B75733-8E6E-4F2C-A78B-6489C084FD73}.Debug|Any CPU.ActiveCfg = Debug|Any CPU
		{E3B75733-8E6E-4F2C-A78B-6489C084FD73}.Debug|Any CPU.Build.0 = Debug|Any CPU
		{E3B75733-8E6E-4F2C-A78B-6489C084FD73}.Release|Any CPU.ActiveCfg = Release|Any CPU
		{E3B75733-8E6E-4F2C-A78B-6489C084FD73}.Release|Any CPU.Build.0 = Release|Any CPU
	EndGlobalSection
	GlobalSection(SolutionProperties) = preSolution
		HideSolutionNode = FALSE
	EndGlobalSection
	GlobalSection(ExtensibilityGlobals) = postSolution
		SolutionGuid = {14EE8AFB-0E20-4871-AA8B-C84016486D9A}
	EndGlobalSection
EndGlobal
